{
  "name": "mapick",
  "version": "1.0.0",
  "lockfileVersion": 2,
  "requires": true,
  "packages": {
    "": {
      "name": "mapick",
      "version": "1.0.0",
      "license": "ISC",
      "dependencies": {
        "@vant/weapp": "^1.10.0",
        "mime-db": "^1.51.0"
      }
    },
    "node_modules/@vant/weapp": {
      "version": "1.10.0",
      "resolved": "https://registry.npmjs.org/@vant/weapp/-/weapp-1.10.0.tgz",
      "integrity": "sha512-cNW2U98GlYwh8t4loEASyvukITlPohJM9HkAF8/dRSJrKm2689nqE8eeASFkWADdhqayGvy08cWoJhqMNh6ZXA=="
    },
    "node_modules/mime-db": {
      "version": "1.51.0",
      "resolved": "https://registry.npmjs.org/mime-db/-/mime-db-1.51.0.tgz",
      "integrity": "sha512-5y8A56jg7XVQx2mbv1lu49NR4dokRnhZYTtL+KGfaa27uq4pSTXkwQkFJl4pkRMyNFz/EtYDSkiiEHx3F7UN6g==",
      "engines": {
        "node": ">= 0.6"
      }
    }
  },
  "dependencies": {
    "@vant/weapp": {
      "version": "1.10.0",
      "resolved": "https://registry.npmjs.org/@vant/weapp/-/weapp-1.10.0.tgz",
      "integrity": "sha512-cNW2U98GlYwh8t4loEASyvukITlPohJM9HkAF8/dRSJrKm2689nqE8eeASFkWADdhqayGvy08cWoJhqMNh6ZXA=="
    },
    "mime-db": {
      "version": "1.51.0",
      "resolved": "https://registry.npmjs.org/mime-db/-/mime-db-1.51.0.tgz",
      "integrity": "sha512-5y8A56jg7XVQx2mbv1lu49NR4dokRnhZYTtL+KGfaa27uq4pSTXkwQkFJl4pkRMyNFz/EtYDSkiiEHx3F7UN6g=="
    }
  }
}
